// !$*UTF8*$!
{
	archiveVersion = 1;
	classes = {
	};
	objectVersion = 50;
	objects = {

/* Begin PBXBuildFile section */
		2D3C5CB22100718B00D6C3D7 /* AppDelegate.m in Sources */ = {isa = PBXBuildFile; fileRef = 2D3C5CB12100718B00D6C3D7 /* AppDelegate.m */; };
		2D3C5CB52100718B00D6C3D7 /* ViewController.m in Sources */ = {isa = PBXBuildFile; fileRef = 2D3C5CB42100718B00D6C3D7 /* ViewController.m */; };
		2D3C5CB82100718B00D6C3D7 /* Main.storyboard in Resources */ = {isa = PBXBuildFile; fileRef = 2D3C5CB62100718B00D6C3D7 /* Main.storyboard */; };
		2D3C5CBA2100719000D6C3D7 /* Assets.xcassets in Resources */ = {isa = PBXBuildFile; fileRef = 2D3C5CB92100719000D6C3D7 /* Assets.xcassets */; };
		2D3C5CBD2100719000D6C3D7 /* LaunchScreen.storyboard in Resources */ = {isa = PBXBuildFile; fileRef = 2D3C5CBB2100719000D6C3D7 /* LaunchScreen.storyboard */; };
		2D3C5CC02100719000D6C3D7 /* main.m in Sources */ = {isa = PBXBuildFile; fileRef = 2D3C5CBF2100719000D6C3D7 /* main.m */; };
		2D3C5CCA2100719000D6C3D7 /* TestDemoTests.m in Sources */ = {isa = PBXBuildFile; fileRef = 2D3C5CC92100719000D6C3D7 /* TestDemoTests.m */; };
		2D3C5CD52100719000D6C3D7 /* TestDemoUITests.m in Sources */ = {isa = PBXBuildFile; fileRef = 2D3C5CD42100719000D6C3D7 /* TestDemoUITests.m */; };
/* End PBXBuildFile section */

/* Begin PBXContainerItemProxy section */
		2D3C5CC62100719000D6C3D7 /* PBXContainerItemProxy */ = {
			isa = PBXContainerItemProxy;
			containerPortal = 2D3C5CA52100718B00D6C3D7 /* Project object */;
			proxyType = 1;
			remoteGlobalIDString = 2D3C5CAC2100718B00D6C3D7;
			remoteInfo = TestDemo;
		};
		2D3C5CD12100719000D6C3D7 /* PBXContainerItemProxy */ = {
			isa = PBXContainerItemProxy;
			containerPortal = 2D3C5CA52100718B00D6C3D7 /* Project object */;
			proxyType = 1;
			remoteGlobalIDString = 2D3C5CAC2100718B00D6C3D7;
			remoteInfo = TestDemo;
		};
/* End PBXContainerItemProxy section */

/* Begin PBXFileReference section */
		2D3C5CAD2100718B00D6C3D7 /* TestDemo.app */ = {isa = PBXFileReference; explicitFileType = wrapper.application; includeInIndex = 0; path = TestDemo.app; sourceTree = BUILT_PRODUCTS_DIR; };
		2D3C5CB02100718B00D6C3D7 /* AppDelegate.h */ = {isa = PBXFileReference; lastKnownFileType = sourcecode.c.h; path = AppDelegate.h; sourceTree = "<group>"; };
		2D3C5CB12100718B00D6C3D7 /* AppDelegate.m */ = {isa = PBXFileReference; lastKnownFileType = sourcecode.c.objc; path = AppDelegate.m; sourceTree = "<group>"; };
		2D3C5CB32100718B00D6C3D7 /* ViewController.h */ = {isa = PBXFileReference; lastKnownFileType = sourcecode.c.h; path = ViewController.h; sourceTree = "<group>"; };
		2D3C5CB42100718B00D6C3D7 /* ViewController.m */ = {isa = PBXFileReference; lastKnownFileType = sourcecode.c.objc; path = ViewController.m; sourceTree = "<group>"; };
		2D3C5CB72100718B00D6C3D7 /* Base */ = {isa = PBXFileReference; lastKnownFileType = file.storyboard; name = Base; path = Base.lproj/Main.storyboard; sourceTree = "<group>"; };
		2D3C5CB92100719000D6C3D7 /* Assets.xcassets */ = {isa = PBXFileReference; lastKnownFileType = folder.assetcatalog; path = Assets.xcassets; sourceTree = "<group>"; };
		2D3C5CBC2100719000D6C3D7 /* Base */ = {isa = PBXFileReference; lastKnownFileType = file.storyboard; name = Base; path = Base.lproj/LaunchScreen.storyboard; sourceTree = "<group>"; };
		2D3C5CBE2100719000D6C3D7 /* Info.plist */ = {isa = PBXFileReference; lastKnownFileType = text.plist.xml; path = Info.plist; sourceTree = "<group>"; };
		2D3C5CBF2100719000D6C3D7 /* main.m */ = {isa = PBXFileReference; lastKnownFileType = sourcecode.c.objc; path = main.m; sourceTree = "<group>"; };
		2D3C5CC52100719000D6C3D7 /* TestDemoTests.xctest */ = {isa = PBXFileReference; explicitFileType = wrapper.cfbundle; includeInIndex = 0; path = TestDemoTests.xctest; sourceTree = BUILT_PRODUCTS_DIR; };
		2D3C5CC92100719000D6C3D7 /* TestDemoTests.m */ = {isa = PBXFileReference; lastKnownFileType = sourcecode.c.objc; path = TestDemoTests.m; sourceTree = "<group>"; };
		2D3C5CCB2100719000D6C3D7 /* Info.plist */ = {isa = PBXFileReference; lastKnownFileType = text.plist.xml; path = Info.plist; sourceTree = "<group>"; };
		2D3C5CD02100719000D6C3D7 /* TestDemoUITests.xctest */ = {isa = PBXFileReference; explicitFileType = wrapper.cfbundle; includeInIndex = 0; path = TestDemoUITests.xctest; sourceTree = BUILT_PRODUCTS_DIR; };
		2D3C5CD42100719000D6C3D7 /* TestDemoUITests.m */ = {isa = PBXFileReference; lastKnownFileType = sourcecode.c.objc; path = TestDemoUITests.m; sourceTree = "<group>"; };
		2D3C5CD62100719000D6C3D7 /* Info.plist */ = {isa = PBXFileReference; lastKnownFileType = text.plist.xml; path = Info.plist; sourceTree = "<group>"; };
/* End PBXFileReference section */

/* Begin PBXFrameworksBuildPhase section */
		2D3C5CAA2100718B00D6C3D7 /* Frameworks */ = {
			isa = PBXFrameworksBuildPhase;
			buildActionMask = 2147483647;
			files = (
			);
			runOnlyForDeploymentPostprocessing = 0;
		};
		2D3C5CC22100719000D6C3D7 /* Frameworks */ = {
			isa = PBXFrameworksBuildPhase;
			buildActionMask = 2147483647;
			files = (
			);
			runOnlyForDeploymentPostprocessing = 0;
		};
		2D3C5CCD2100719000D6C3D7 /* Frameworks */ = {
			isa = PBXFrameworksBuildPhase;
			buildActionMask = 2147483647;
			files = (
			);
			runOnlyForDeploymentPostprocessing = 0;
		};
/* End PBXFrameworksBuildPhase section */

/* Begin PBXGroup section */
		2D3C5CA42100718B00D6C3D7 = {
			isa = PBXGroup;
			children = (
				2D3C5CAF2100718B00D6C3D7 /* TestDemo */,
				2D3C5CC82100719000D6C3D7 /* TestDemoTests */,
				2D3C5CD32100719000D6C3D7 /* TestDemoUITests */,
				2D3C5CAE2100718B00D6C3D7 /* Products */,
			);
			sourceTree = "<group>";
		};
		2D3C5CAE2100718B00D6C3D7 /* Products */ = {
			isa = PBXGroup;
			children = (
				2D3C5CAD2100718B00D6C3D7 /* TestDemo.app */,
				2D3C5CC52100719000D6C3D7 /* TestDemoTests.xctest */,
				2D3C5CD02100719000D6C3D7 /* TestDemoUITests.xctest */,
			);
			name = Products;
			sourceTree = "<group>";
		};
		2D3C5CAF2100718B00D6C3D7 /* TestDemo */ = {
			isa = PBXGroup;
			children = (
				2D3C5CB02100718B00D6C3D7 /* AppDelegate.h */,
				2D3C5CB12100718B00D6C3D7 /* AppDelegate.m */,
				2D3C5CB32100718B00D6C3D7 /* ViewController.h */,
				2D3C5CB42100718B00D6C3D7 /* ViewController.m */,
				2D3C5CB62100718B00D6C3D7 /* Main.storyboard */,
				2D3C5CB92100719000D6C3D7 /* Assets.xcassets */,
				2D3C5CBB2100719000D6C3D7 /* LaunchScreen.storyboard */,
				2D3C5CBE2100719000D6C3D7 /* Info.plist */,
				2D3C5CBF2100719000D6C3D7 /* main.m */,
			);
			path = TestDemo;
			sourceTree = "<group>";
		};
		2D3C5CC82100719000D6C3D7 /* TestDemoTests */ = {
			isa = PBXGroup;
			children = (
				2D3C5CC92100719000D6C3D7 /* TestDemoTests.m */,
				2D3C5CCB2100719000D6C3D7 /* Info.plist */,
			);
			path = TestDemoTests;
			sourceTree = "<group>";
		};
		2D3C5CD32100719000D6C3D7 /* TestDemoUITests */ = {
			isa = PBXGroup;
			children = (
				2D3C5CD42100719000D6C3D7 /* TestDemoUITests.m */,
				2D3C5CD62100719000D6C3D7 /* Info.plist */,
			);
			path = TestDemoUITests;
			sourceTree = "<group>";
		};
/* End PBXGroup section */

/* Begin PBXNativeTarget section */
		2D3C5CAC2100718B00D6C3D7 /* TestDemo */ = {
			isa = PBXNativeTarget;
			buildConfigurationList = 2D3C5CD92100719000D6C3D7 /* Build configuration list for PBXNativeTarget "TestDemo" */;
			buildPhases = (
				2D3C5CA92100718B00D6C3D7 /* Sources */,
				2D3C5CAA2100718B00D6C3D7 /* Frameworks */,
				2D3C5CAB2100718B00D6C3D7 /* Resources */,
			);
			buildRules = (
			);
			dependencies = (
			);
			name = TestDemo;
			productName = TestDemo;
			productReference = 2D3C5CAD2100718B00D6C3D7 /* TestDemo.app */;
			productType = "com.apple.product-type.application";
		};
		2D3C5CC42100719000D6C3D7 /* TestDemoTests */ = {
			isa = PBXNativeTarget;
			buildConfigurationList = 2D3C5CDC2100719000D6C3D7 /* Build configuration list for PBXNativeTarget "TestDemoTests" */;
			buildPhases = (
				2D3C5CC12100719000D6C3D7 /* Sources */,
				2D3C5CC22100719000D6C3D7 /* Frameworks */,
				2D3C5CC32100719000D6C3D7 /* Resources */,
			);
			buildRules = (
			);
			dependencies = (
				2D3C5CC72100719000D6C3D7 /* PBXTargetDependency */,
			);
			name = TestDemoTests;
			productName = TestDemoTests;
			productReference = 2D3C5CC52100719000D6C3D7 /* TestDemoTests.xctest */;
			productType = "com.apple.product-type.bundle.unit-test";
		};
		2D3C5CCF2100719000D6C3D7 /* TestDemoUITests */ = {
			isa = PBXNativeTarget;
			buildConfigurationList = 2D3C5CDF2100719000D6C3D7 /* Build configuration list for PBXNativeTarget "TestDemoUITests" */;
			buildPhases = (
				2D3C5CCC2100719000D6C3D7 /* Sources */,
				2D3C5CCD2100719000D6C3D7 /* Frameworks */,
				2D3C5CCE2100719000D6C3D7 /* Resources */,
			);
			buildRules = (
			);
			dependencies = (
				2D3C5CD22100719000D6C3D7 /* PBXTargetDependency */,
			);
			name = TestDemoUITests;
			productName = TestDemoUITests;
			productReference = 2D3C5CD02100719000D6C3D7 /* TestDemoUITests.xctest */;
			productType = "com.apple.product-type.bundle.ui-testing";
		};
/* End PBXNativeTarget section */

/* Begin PBXProject section */
		2D3C5CA52100718B00D6C3D7 /* Project object */ = {
			isa = PBXProject;
			attributes = {
				LastUpgradeCheck = 0940;
				ORGANIZATIONNAME = "analysysmac-1";
				TargetAttributes = {
					2D3C5CAC2100718B00D6C3D7 = {
						CreatedOnToolsVersion = 9.4.1;
					};
					2D3C5CC42100719000D6C3D7 = {
						CreatedOnToolsVersion = 9.4.1;
						TestTargetID = 2D3C5CAC2100718B00D6C3D7;
					};
					2D3C5CCF2100719000D6C3D7 = {
						CreatedOnToolsVersion = 9.4.1;
						TestTargetID = 2D3C5CAC2100718B00D6C3D7;
					};
				};
			};
			buildConfigurationList = 2D3C5CA82100718B00D6C3D7 /* Build configuration list for PBXProject "TestDemo" */;
			compatibilityVersion = "Xcode 9.3";
			developmentRegion = en;
			hasScannedForEncodings = 0;
			knownRegions = (
				en,
				Base,
			);
			mainGroup = 2D3C5CA42100718B00D6C3D7;
			productRefGroup = 2D3C5CAE2100718B00D6C3D7 /* Products */;
			projectDirPath = "";
			projectRoot = "";
			targets = (
				2D3C5CAC2100718B00D6C3D7 /* TestDemo */,
				2D3C5CC42100719000D6C3D7 /* TestDemoTests */,
				2D3C5CCF2100719000D6C3D7 /* TestDemoUITests */,
			);
		};
/* End PBXProject section */

/* Begin PBXResourcesBuildPhase section */
		2D3C5CAB2100718B00D6C3D7 /* Resources */ = {
			isa = PBXResourcesBuildPhase;
			buildActionMask = 2147483647;
			files = (
				2D3C5CBD2100719000D6C3D7 /* LaunchScreen.storyboard in Resources */,
				2D3C5CBA2100719000D6C3D7 /* Assets.xcassets in Resources */,
				2D3C5CB82100718B00D6C3D7 /* Main.storyboard in Resources */,
			);
			runOnlyForDeploymentPostprocessing = 0;
		};
		2D3C5CC32100719000D6C3D7 /* Resources */ = {
			isa = PBXResourcesBuildPhase;
			buildActionMask = 2147483647;
			files = (
			);
			runOnlyForDeploymentPostprocessing = 0;
		};
		2D3C5CCE2100719000D6C3D7 /* Resources */ = {
			isa = PBXResourcesBuildPhase;
			buildActionMask = 2147483647;
			files = (
			);
			runOnlyForDeploymentPostprocessing = 0;
		};
/* End PBXResourcesBuildPhase section */

/* Begin PBXSourcesBuildPhase section */
		2D3C5CA92100718B00D6C3D7 /* Sources */ = {
			isa = PBXSourcesBuildPhase;
			buildActionMask = 2147483647;
			files = (
				2D3C5CB52100718B00D6C3D7 /* ViewController.m in Sources */,
				2D3C5CC02100719000D6C3D7 /* main.m in Sources */,
				2D3C5CB22100718B00D6C3D7 /* AppDelegate.m in Sources */,
			);
			runOnlyForDeploymentPostprocessing = 0;
		};
		2D3C5CC12100719000D6C3D7 /* Sources */ = {
			isa = PBXSourcesBuildPhase;
			buildActionMask = 2147483647;
			files = (
				2D3C5CCA2100719000D6C3D7 /* TestDemoTests.m in Sources */,
			);
			runOnlyForDeploymentPostprocessing = 0;
		};
		2D3C5CCC2100719000D6C3D7 /* Sources */ = {
			isa = PBXSourcesBuildPhase;
			buildActionMask = 2147483647;
			files = (
				2D3C5CD52100719000D6C3D7 /* TestDemoUITests.m in Sources */,
			);
			runOnlyForDeploymentPostprocessing = 0;
		};
/* End PBXSourcesBuildPhase section */

/* Begin PBXTargetDependency section */
		2D3C5CC72100719000D6C3D7 /* PBXTargetDependency */ = {
			isa = PBXTargetDependency;
			target = 2D3C5CAC2100718B00D6C3D7 /* TestDemo */;
			targetProxy = 2D3C5CC62100719000D6C3D7 /* PBXContainerItemProxy */;
		};
		2D3C5CD22100719000D6C3D7 /* PBXTargetDependency */ = {
			isa = PBXTargetDependency;
			target = 2D3C5CAC2100718B00D6C3D7 /* TestDemo */;
			targetProxy = 2D3C5CD12100719000D6C3D7 /* PBXContainerItemProxy */;
		};
/* End PBXTargetDependency section */

/* Begin PBXVariantGroup section */
		2D3C5CB62100718B00D6C3D7 /* Main.storyboard */ = {
			isa = PBXVariantGroup;
			children = (
				2D3C5CB72100718B00D6C3D7 /* Base */,
			);
			name = Main.storyboard;
			sourceTree = "<group>";
		};
		2D3C5CBB2100719000D6C3D7 /* LaunchScreen.storyboard */ = {
			isa = PBXVariantGroup;
			children = (
				2D3C5CBC2100719000D6C3D7 /* Base */,
			);
			name = LaunchScreen.storyboard;
			sourceTree = "<group>";
		};
/* End PBXVariantGroup section */

/* Begin XCBuildConfiguration section */
		2D3C5CD72100719000D6C3D7 /* Debug */ = {
			isa = XCBuildConfiguration;
			buildSettings = {
				ALWAYS_SEARCH_USER_PATHS = NO;
				CLANG_ANALYZER_NONNULL = YES;
				CLANG_ANALYZER_NUMBER_OBJECT_CONVERSION = YES_AGGRESSIVE;
				CLANG_CXX_LANGUAGE_STANDARD = "gnu++14";
				CLANG_CXX_LIBRARY = "libc++";
				CLANG_ENABLE_MODULES = YES;
				CLANG_ENABLE_OBJC_ARC = YES;
				CLANG_ENABLE_OBJC_WEAK = YES;
				CLANG_WARN_BLOCK_CAPTURE_AUTORELEASING = YES;
				CLANG_WARN_BOOL_CONVERSION = YES;
				CLANG_WARN_COMMA = YES;
				CLANG_WARN_CONSTANT_CONVERSION = YES;
				CLANG_WARN_DEPRECATED_OBJC_IMPLEMENTATIONS = YES;
				CLANG_WARN_DIRECT_OBJC_ISA_USAGE = YES_ERROR;
				CLANG_WARN_DOCUMENTATION_COMMENTS = YES;
				CLANG_WARN_EMPTY_BODY = YES;
				CLANG_WARN_ENUM_CONVERSION = YES;
				CLANG_WARN_INFINITE_RECURSION = YES;
				CLANG_WARN_INT_CONVERSION = YES;
				CLANG_WARN_NON_LITERAL_NULL_CONVERSION = YES;
				CLANG_WARN_OBJC_IMPLICIT_RETAIN_SELF = YES;
				CLANG_WARN_OBJC_LITERAL_CONVERSION = YES;
				CLANG_WARN_OBJC_ROOT_CLASS = YES_ERROR;
				CLANG_WARN_RANGE_LOOP_ANALYSIS = YES;
				CLANG_WARN_STRICT_PROTOTYPES = YES;
				CLANG_WARN_SUSPICIOUS_MOVE = YES;
				CLANG_WARN_UNGUARDED_AVAILABILITY = YES_AGGRESSIVE;
				CLANG_WARN_UNREACHABLE_CODE = YES;
				CLANG_WARN__DUPLICATE_METHOD_MATCH = YES;
				CODE_SIGN_IDENTITY = "iPhone Developer";
				COPY_PHASE_STRIP = NO;
				DEBUG_INFORMATION_FORMAT = dwarf;
				ENABLE_STRICT_OBJC_MSGSEND = YES;
				ENABLE_TESTABILITY = YES;
				GCC_C_LANGUAGE_STANDARD = gnu11;
				GCC_DYNAMIC_NO_PIC = NO;
				GCC_NO_COMMON_BLOCKS = YES;
				GCC_OPTIMIZATION_LEVEL = 0;
				GCC_PREPROCESSOR_DEFINITIONS = (
					"DEBUG=1",
					"$(inherited)",
				);
				GCC_WARN_64_TO_32_BIT_CONVERSION = YES;
				GCC_WARN_ABOUT_RETURN_TYPE = YES_ERROR;
				GCC_WARN_UNDECLARED_SELECTOR = YES;
				GCC_WARN_UNINITIALIZED_AUTOS = YES_AGGRESSIVE;
				GCC_WARN_UNUSED_FUNCTION = YES;
				GCC_WARN_UNUSED_VARIABLE = YES;
				IPHONEOS_DEPLOYMENT_TARGET = 11.4;
				MTL_ENABLE_DEBUG_INFO = YES;
				ONLY_ACTIVE_ARCH = YES;
				SDKROOT = iphoneos;
			};
			name = Debug;
		};
		2D3C5CD82100719000D6C3D7 /* Release */ = {
			isa = XCBuildConfiguration;
			buildSettings = {
				ALWAYS_SEARCH_USER_PATHS = NO;
				CLANG_ANALYZER_NONNULL = YES;
				CLANG_ANALYZER_NUMBER_OBJECT_CONVERSION = YES_AGGRESSIVE;
				CLANG_CXX_LANGUAGE_STANDARD = "gnu++14";
				CLANG_CXX_LIBRARY = "libc++";
				CLANG_ENABLE_MODULES = YES;
				CLANG_ENABLE_OBJC_ARC = YES;
				CLANG_ENABLE_OBJC_WEAK = YES;
				CLANG_WARN_BLOCK_CAPTURE_AUTORELEASING = YES;
				CLANG_WARN_BOOL_CONVERSION = YES;
				CLANG_WARN_COMMA = YES;
				CLANG_WARN_CONSTANT_CONVERSION = YES;
				CLANG_WARN_DEPRECATED_OBJC_IMPLEMENTATIONS = YES;
				CLANG_WARN_DIRECT_OBJC_ISA_USAGE = YES_ERROR;
				CLANG_WARN_DOCUMENTATION_COMMENTS = YES;
				CLANG_WARN_EMPTY_BODY = YES;
				CLANG_WARN_ENUM_CONVERSION = YES;
				CLANG_WARN_INFINITE_RECURSION = YES;
				CLANG_WARN_INT_CONVERSION = YES;
				CLANG_WARN_NON_LITERAL_NULL_CONVERSION = YES;
				CLANG_WARN_OBJC_IMPLICIT_RETAIN_SELF = YES;
				CLANG_WARN_OBJC_LITERAL_CONVERSION = YES;
				CLANG_WARN_OBJC_ROOT_CLASS = YES_ERROR;
				CLANG_WARN_RANGE_LOOP_ANALYSIS = YES;
				CLANG_WARN_STRICT_PROTOTYPES = YES;
				CLANG_WARN_SUSPICIOUS_MOVE = YES;
				CLANG_WARN_UNGUARDED_AVAILABILITY = YES_AGGRESSIVE;
				CLANG_WARN_UNREACHABLE_CODE = YES;
				CLANG_WARN__DUPLICATE_METHOD_MATCH = YES;
				CODE_SIGN_IDENTITY = "iPhone Developer";
				COPY_PHASE_STRIP = NO;
				DEBUG_INFORMATION_FORMAT = "dwarf-with-dsym";
				ENABLE_NS_ASSERTIONS = NO;
				ENABLE_STRICT_OBJC_MSGSEND = YES;
				GCC_C_LANGUAGE_STANDARD = gnu11;
				GCC_NO_COMMON_BLOCKS = YES;
				GCC_WARN_64_TO_32_BIT_CONVERSION = YES;
				GCC_WARN_ABOUT_RETURN_TYPE = YES_ERROR;
				GCC_WARN_UNDECLARED_SELECTOR = YES;
				GCC_WARN_UNINITIALIZED_AUTOS = YES_AGGRESSIVE;
				GCC_WARN_UNUSED_FUNCTION = YES;
				GCC_WARN_UNUSED_VARIABLE = YES;
				IPHONEOS_DEPLOYMENT_TARGET = 11.4;
				MTL_ENABLE_DEBUG_INFO = NO;
				SDKROOT = iphoneos;
				VALIDATE_PRODUCT = YES;
			};
			name = Release;
		};
		2D3C5CDA2100719000D6C3D7 /* Debug */ = {
			isa = XCBuildConfiguration;
			buildSettings = {
				ASSETCATALOG_COMPILER_APPICON_NAME = AppIcon;
				CODE_SIGN_STYLE = Automatic;
				DEVELOPMENT_TEAM = 95YHL39M2F;
				INFOPLIST_FILE = TestDemo/Info.plist;
				LD_RUNPATH_SEARCH_PATHS = (
					"$(inherited)",
					"@executable_path/Frameworks",
				);
				PRODUCT_BUNDLE_IDENTIFIER = com.analysys.TestDemo;
				PRODUCT_NAME = "$(TARGET_NAME)";
				TARGETED_DEVICE_FAMILY = "1,2";
			};
			name = Debug;
		};
		2D3C5CDB2100719000D6C3D7 /* Release */ = {
			isa = XCBuildConfiguration;
			buildSettings = {
				ASSETCATALOG_COMPILER_APPICON_NAME = AppIcon;
				CODE_SIGN_STYLE = Automatic;
				DEVELOPMENT_TEAM = 95YHL39M2F;
				INFOPLIST_FILE = TestDemo/Info.plist;
				LD_RUNPATH_SEARCH_PATHS = (
					"$(inherited)",
					"@executable_path/Frameworks",
				);
				PRODUCT_BUNDLE_IDENTIFIER = com.analysys.TestDemo;
				PRODUCT_NAME = "$(TARGET_NAME)";
				TARGETED_DEVICE_FAMILY = "1,2";
			};
			name = Release;
		};
		2D3C5CDD2100719000D6C3D7 /* Debug */ = {
			isa = XCBuildConfiguration;
			buildSettings = {
				BUNDLE_LOADER = "$(TEST_HOST)";
				CODE_SIGN_STYLE = Automatic;
				DEVELOPMENT_TEAM = 95YHL39M2F;
				INFOPLIST_FILE = TestDemoTests/Info.plist;
				LD_RUNPATH_SEARCH_PATHS = (
					"$(inherited)",
					"@executable_path/Frameworks",
					"@loader_path/Frameworks",
				);
				PRODUCT_BUNDLE_IDENTIFIER = com.analysys.TestDemoTests;
				PRODUCT_NAME = "$(TARGET_NAME)";
				TARGETED_DEVICE_FAMILY = "1,2";
				TEST_HOST = "$(BUILT_PRODUCTS_DIR)/TestDemo.app/TestDemo";
			};
			name = Debug;
		};
		2D3C5CDE2100719000D6C3D7 /* Release */ = {
			isa = XCBuildConfiguration;
			buildSettings = {
				BUNDLE_LOADER = "$(TEST_HOST)";
				CODE_SIGN_STYLE = Automatic;
				DEVELOPMENT_TEAM = 95YHL39M2F;
				INFOPLIST_FILE = TestDemoTests/Info.plist;
				LD_RUNPATH_SEARCH_PATHS = (
					"$(inherited)",
					"@executable_path/Frameworks",
					"@loader_path/Frameworks",
				);
				PRODUCT_BUNDLE_IDENTIFIER = com.analysys.TestDemoTests;
				PRODUCT_NAME = "$(TARGET_NAME)";
				TARGETED_DEVICE_FAMILY = "1,2";
				TEST_HOST = "$(BUILT_PRODUCTS_DIR)/TestDemo.app/TestDemo";
			};
			name = Release;
		};
		2D3C5CE02100719000D6C3D7 /* Debug */ = {
			isa = XCBuildConfiguration;
			buildSettings = {
				CODE_SIGN_STYLE = Automatic;
				DEVELOPMENT_TEAM = 95YHL39M2F;
				INFOPLIST_FILE = TestDemoUITests/Info.plist;
				LD_RUNPATH_SEARCH_PATHS = (
					"$(inherited)",
					"@executable_path/Frameworks",
					"@loader_path/Frameworks",
				);
				PRODUCT_BUNDLE_IDENTIFIER = com.analysys.TestDemoUITests;
				PRODUCT_NAME = "$(TARGET_NAME)";
				TARGETED_DEVICE_FAMILY = "1,2";
				TEST_TARGET_NAME = TestDemo;
			};
			name = Debug;
		};
		2D3C5CE12100719000D6C3D7 /* Release */ = {
			isa = XCBuildConfiguration;
			buildSettings = {
				CODE_SIGN_STYLE = Automatic;
				DEVELOPMENT_TEAM = 95YHL39M2F;
				INFOPLIST_FILE = TestDemoUITests/Info.plist;
				LD_RUNPATH_SEARCH_PATHS = (
					"$(inherited)",
					"@executable_path/Frameworks",
					"@loader_path/Frameworks",
				);
				PRODUCT_BUNDLE_IDENTIFIER = com.analysys.TestDemoUITests;
				PRODUCT_NAME = "$(TARGET_NAME)";
				TARGETED_DEVICE_FAMILY = "1,2";
				TEST_TARGET_NAME = TestDemo;
			};
			name = Release;
		};
/* End XCBuildConfiguration section */

/* Begin XCConfigurationList section */
		2D3C5CA82100718B00D6C3D7 /* Build configuration list for PBXProject "TestDemo" */ = {
			isa = XCConfigurationList;
			buildConfigurations = (
				2D3C5CD72100719000D6C3D7 /* Debug */,
				2D3C5CD82100719000D6C3D7 /* Release */,
			);
			defaultConfigurationIsVisible = 0;
			defaultConfigurationName = Release;
		};
		2D3C5CD92100719000D6C3D7 /* Build configuration list for PBXNativeTarget "TestDemo" */ = {
			isa = XCConfigurationList;
			buildConfigurations = (
				2D3C5CDA2100719000D6C3D7 /* Debug */,
				2D3C5CDB2100719000D6C3D7 /* Release */,
			);
			defaultConfigurationIsVisible = 0;
			defaultConfigurationName = Release;
		};
		2D3C5CDC2100719000D6C3D7 /* Build configuration list for PBXNativeTarget "TestDemoTests" */ = {
			isa = XCConfigurationList;
			buildConfigurations = (
				2D3C5CDD2100719000D6C3D7 /* Debug */,
				2D3C5CDE2100719000D6C3D7 /* Release */,
			);
			defaultConfigurationIsVisible = 0;
			defaultConfigurationName = Release;
		};
		2D3C5CDF2100719000D6C3D7 /* Build configuration list for PBXNativeTarget "TestDemoUITests" */ = {
			isa = XCConfigurationList;
			buildConfigurations = (
				2D3C5CE02100719000D6C3D7 /* Debug */,
				2D3C5CE12100719000D6C3D7 /* Release */,
			);
			defaultConfigurationIsVisible = 0;
			defaultConfigurationName = Release;
		};
/* End XCConfigurationList section */
	};
	rootObject = 2D3C5CA52100718B00D6C3D7 /* Project object */;
}
